<?xml version="1.0" encoding="utf-8"?>
<Project ToolsVersion="4.0" xmlns="http://schemas.microsoft.com/developer/msbuild/2003">
  <ItemGroup>
    <ClCompile Include="PerformanceCounter.cpp" />
    <ClCompile Include="CpuUsageCounter.cpp" />
  </ItemGroup>
  <ItemGroup>
    <ClInclude Include="..\include\CounterQueryString.h" />
    <ClInclude Include="..\include\PerformanceCounter.h" />
    <ClInclude Include="..\include\CpuUsageCounter.h" />
  </ItemGroup>
</Project>